
Microsoft Visual Studio Solution File, Format Version 12.00
# Visual Studio 2012
Project("{FAE04EC0-301F-11D3-BF4B-00C04F79EFBC}") = "KolpaqueClient", "KolpaqueClient\KolpaqueClient.csproj", "{56D4853F-025D-4818-B4FA-8DC78270DBA2}"
EndProject
Global
	GlobalSection(SolutionConfigurationPlatforms) = preSolution
		Release|Any CPU = Release|Any CPU
	EndGlobalSection
	GlobalSection(ProjectConfigurationPlatforms) = postSolution
		{56D4853F-025D-4818-B4FA-8DC78270DBA2}.Release|Any CPU.ActiveCfg = Release|Any CPU
		{56D4853F-025D-4818-B4FA-8DC78270DBA2}.Release|Any CPU.Build.0 = Release|Any CPU
	EndGlobalSection
	GlobalSection(SolutionProperties) = preSolution
		HideSolutionNode = FALSE
	EndGlobalSection
EndGlobal
